
Microsoft Visual Studio Solution File, Format Version 12.00
# Visual Studio Version 17
VisualStudioVersion = 17.5.33530.505
MinimumVisualStudioVersion = 10.0.40219.1
Project("{FAE04EC0-301F-11D3-BF4B-00C04F79EFBC}") = "PassProgram", "PassProgram\PassProgram.csproj", "{2D1FE2D2-BFC0-4C88-BB99-D1BB79AEEE96}"
EndProject
Global
	GlobalSection(SolutionConfigurationPlatforms) = preSolution
		Debug|Any CPU = Debug|Any CPU
		Release|Any CPU = Release|Any CPU
	EndGlobalSection
	GlobalSection(ProjectConfigurationPlatforms) = postSolution
		{2D1FE2D2-BFC0-4C88-BB99-D1BB79AEEE96}.Debug|Any CPU.ActiveCfg = Debug|Any CPU
		{2D1FE2D2-BFC0-4C88-BB99-D1BB79AEEE96}.Debug|Any CPU.Build.0 = Debug|Any CPU
		{2D1FE2D2-BFC0-4C88-BB99-D1BB79AEEE96}.Release|Any CPU.ActiveCfg = Release|Any CPU
		{2D1FE2D2-BFC0-4C88-BB99-D1BB79AEEE96}.Release|Any CPU.Build.0 = Release|Any CPU
	EndGlobalSection
	GlobalSection(SolutionProperties) = preSolution
		HideSolutionNode = FALSE
	EndGlobalSection
	GlobalSection(ExtensibilityGlobals) = postSolution
		SolutionGuid = {E57658A2-372C-478E-88AC-5E7BB8A6ACB2}
	EndGlobalSection
EndGlobal
